{
  "name": "test",
  "version": "1.0.0",
  "lockfileVersion": 1,
  "requires": true,
  "dependencies": {
    "maojian": {
      "version": "0.0.4",
      "resolved": "https://registry.npmjs.org/maojian/-/maojian-0.0.4.tgz",
      "integrity": "sha512-RRUcELL6NSgjyRxH60SIyxGw2XK8SCqU1c4d8B+0iHnHlfPwa3HIglgKjA71XZZ0J5uu3PJmRPstsQjIuA2KlQ==",
      "requires": {
        "metarhia-common": "0.0.21",
        "metasync": "0.3.15"
      }
    },
    "metarhia-common": {
      "version": "0.0.21",
      "resolved": "https://registry.npmjs.org/metarhia-common/-/metarhia-common-0.0.21.tgz",
      "integrity": "sha512-FmYtpQiPIFadFZVlRP90nwbS89A1LZYrM7s0G1ZitXyyx/CDTh1IDgUugq3k0YlMPLaRaNRFXHm9BxeQzVPmWA=="
    },
    "metasync": {
      "version": "0.3.15",
      "resolved": "https://registry.npmjs.org/metasync/-/metasync-0.3.15.tgz",
      "integrity": "sha512-EFz9OJNOzDiNuKzskebeMWFrIgR5AhObZHxTfCmQYBqSxZKiHoiR78L1mAsmEac1e6z7wsh/rNs4ldcB/AEiug==",
      "requires": {
        "metarhia-common": "0.0.23"
      },
      "dependencies": {
        "metarhia-common": {
          "version": "0.0.23",
          "resolved": "https://registry.npmjs.org/metarhia-common/-/metarhia-common-0.0.23.tgz",
          "integrity": "sha512-e7EkTpzslTow5GoFzZo62kLAb7ge+qKb168cQ9RbgRQkLZW8N5HZk5DrWFUBvV52CCOJw9PYfy8dYW/9zUTmxQ=="
        }
      }
    }
  }
}
